
Microsoft Visual Studio Solution File, Format Version 12.00
# Visual Studio 15
VisualStudioVersion = 15.0.27130.2027
MinimumVisualStudioVersion = 10.0.40219.1
Project("{FAE04EC0-301F-11D3-BF4B-00C04F79EFBC}") = "ObywatelPlus.Android", "ObywatelPlus\ObywatelPlus.Android\ObywatelPlus.Android.csproj", "{42A82D8F-E813-414A-8794-DBF3B3DC9F3A}"
EndProject
Project("{D954291E-2A0B-460D-934E-DC6B0785DB48}") = "ObywatelPlus", "ObywatelPlus\ObywatelPlus\ObywatelPlus.shproj", "{5C31EFA1-1B29-4B7E-B268-21C5EAF31BB7}"
EndProject
Global
	GlobalSection(SharedMSBuildProjectFiles) = preSolution
		ObywatelPlus\ObywatelPlus\ObywatelPlus.projitems*{42a82d8f-e813-414a-8794-dbf3b3dc9f3a}*SharedItemsImports = 4
		ObywatelPlus\ObywatelPlus\ObywatelPlus.projitems*{5c31efa1-1b29-4b7e-b268-21c5eaf31bb7}*SharedItemsImports = 13
	EndGlobalSection
	GlobalSection(SolutionConfigurationPlatforms) = preSolution
		Debug|Any CPU = Debug|Any CPU
		Release|Any CPU = Release|Any CPU
	EndGlobalSection
	GlobalSection(ProjectConfigurationPlatforms) = postSolution
		{42A82D8F-E813-414A-8794-DBF3B3DC9F3A}.Debug|Any CPU.ActiveCfg = Debug|Any CPU
		{42A82D8F-E813-414A-8794-DBF3B3DC9F3A}.Debug|Any CPU.Build.0 = Debug|Any CPU
		{42A82D8F-E813-414A-8794-DBF3B3DC9F3A}.Debug|Any CPU.Deploy.0 = Debug|Any CPU
		{42A82D8F-E813-414A-8794-DBF3B3DC9F3A}.Release|Any CPU.ActiveCfg = Release|Any CPU
		{42A82D8F-E813-414A-8794-DBF3B3DC9F3A}.Release|Any CPU.Build.0 = Release|Any CPU
		{42A82D8F-E813-414A-8794-DBF3B3DC9F3A}.Release|Any CPU.Deploy.0 = Release|Any CPU
	EndGlobalSection
	GlobalSection(SolutionProperties) = preSolution
		HideSolutionNode = FALSE
	EndGlobalSection
	GlobalSection(ExtensibilityGlobals) = postSolution
		SolutionGuid = {B8843D7E-8278-4B7F-A7DB-E1AF149E4F8F}
	EndGlobalSection
EndGlobal
