
Microsoft Visual Studio Solution File, Format Version 12.00
# Visual Studio 15
VisualStudioVersion = 15.0.27130.2027
MinimumVisualStudioVersion = 10.0.40219.1
Project("{FAE04EC0-301F-11D3-BF4B-00C04F79EFBC}") = "Serwer", "Serwer\Serwer.csproj", "{54F07607-0349-4279-B0DA-70C274D30A49}"
EndProject
Project("{2150E333-8FDC-42A3-9474-1A3956D46DE8}") = "Solution Items", "Solution Items", "{67CE0067-9561-4862-9151-9831D768F46A}"
EndProject
Global
	GlobalSection(SolutionConfigurationPlatforms) = preSolution
		Debug|Any CPU = Debug|Any CPU
		Release|Any CPU = Release|Any CPU
	EndGlobalSection
	GlobalSection(ProjectConfigurationPlatforms) = postSolution
		{54F07607-0349-4279-B0DA-70C274D30A49}.Debug|Any CPU.ActiveCfg = Debug|Any CPU
		{54F07607-0349-4279-B0DA-70C274D30A49}.Debug|Any CPU.Build.0 = Debug|Any CPU
		{54F07607-0349-4279-B0DA-70C274D30A49}.Release|Any CPU.ActiveCfg = Release|Any CPU
		{54F07607-0349-4279-B0DA-70C274D30A49}.Release|Any CPU.Build.0 = Release|Any CPU
	EndGlobalSection
	GlobalSection(SolutionProperties) = preSolution
		HideSolutionNode = FALSE
	EndGlobalSection
	GlobalSection(ExtensibilityGlobals) = postSolution
		SolutionGuid = {5AFD7B8B-1E94-4FEF-BEA2-EF8E8AA61282}
	EndGlobalSection
EndGlobal
